
Microsoft Visual Studio Solution File, Format Version 12.00
# Visual Studio Version 16
VisualStudioVersion = 16.0.30001.183
MinimumVisualStudioVersion = 10.0.40219.1
Project("{9A19103F-16F7-4668-BE54-9A1E7A4F7556}") = "HCGStudioWeb", "HCGStudioWeb.csproj", "{EE663797-7AF6-4AC2-A5A5-C4C9E2AACEA5}"
EndProject
Global
	GlobalSection(SolutionConfigurationPlatforms) = preSolution
		Debug|Any CPU = Debug|Any CPU
		Release|Any CPU = Release|Any CPU
	EndGlobalSection
	GlobalSection(ProjectConfigurationPlatforms) = postSolution
		{EE663797-7AF6-4AC2-A5A5-C4C9E2AACEA5}.Debug|Any CPU.ActiveCfg = Debug|Any CPU
		{EE663797-7AF6-4AC2-A5A5-C4C9E2AACEA5}.Debug|Any CPU.Build.0 = Debug|Any CPU
		{EE663797-7AF6-4AC2-A5A5-C4C9E2AACEA5}.Release|Any CPU.ActiveCfg = Release|Any CPU
		{EE663797-7AF6-4AC2-A5A5-C4C9E2AACEA5}.Release|Any CPU.Build.0 = Release|Any CPU
	EndGlobalSection
	GlobalSection(SolutionProperties) = preSolution
		HideSolutionNode = FALSE
	EndGlobalSection
	GlobalSection(ExtensibilityGlobals) = postSolution
		SolutionGuid = {A0440CD0-23B7-41C4-A378-2B261783C481}
	EndGlobalSection
EndGlobal
